github.com/mikefsq/lx200 v0.2.1 h1:CJyw/g+wSWKmCJL/POEjTpHVguij/akeGY1I0+hLFKQ=
github.com/mikefsq/lx200 v0.2.1/go.mod h1:k93Aa+avC4ZTvR3bqiauXPcIy+MhjymuQw+weOOb4i4=
github.com/mikefsq/lx200 v0.2.2-0.20260828004623-148d3f4ede4b h1:Z1x6sqtv1TAW+6G8ANVbkI8W1rKbFHeuy6flSIxaDgk=
github.com/mikefsq/lx200 v0.2.2-0.20260828004623-148d3f4ede4b/go.mod h1:Rag8s80nrhhCQLC3KjjAT/Lx6fahp0+R0abuXm62tKo=
